
Microsoft Visual Studio Solution File, Format Version 12.00
# Visual Studio 14
VisualStudioVersion = 14.0.25420.1
MinimumVisualStudioVersion = 10.0.40219.1
Project("{FAE04EC0-301F-11D3-BF4B-00C04F79EFBC}") = "DAL", "ClassLibrary1\DAL.csproj", "{E3E18A7F-8AEC-480B-B565-AB90ED0301F6}"
EndProject
Project("{FAE04EC0-301F-11D3-BF4B-00C04F79EFBC}") = "site", "site\site.csproj", "{EC81AD24-68B0-4917-BC7F-8AEAAB59E3B3}"
EndProject
Global
	GlobalSection(SolutionConfigurationPlatforms) = preSolution
		Debug|Any CPU = Debug|Any CPU
		Release|Any CPU = Release|Any CPU
	EndGlobalSection
	GlobalSection(ProjectConfigurationPlatforms) = postSolution
		{E3E18A7F-8AEC-480B-B565-AB90ED0301F6}.Debug|Any CPU.ActiveCfg = Debug|Any CPU
		{E3E18A7F-8AEC-480B-B565-AB90ED0301F6}.Debug|Any CPU.Build.0 = Debug|Any CPU
		{E3E18A7F-8AEC-480B-B565-AB90ED0301F6}.Release|Any CPU.ActiveCfg = Release|Any CPU
		{E3E18A7F-8AEC-480B-B565-AB90ED0301F6}.Release|Any CPU.Build.0 = Release|Any CPU
		{EC81AD24-68B0-4917-BC7F-8AEAAB59E3B3}.Debug|Any CPU.ActiveCfg = Debug|Any CPU
		{EC81AD24-68B0-4917-BC7F-8AEAAB59E3B3}.Debug|Any CPU.Build.0 = Debug|Any CPU
		{EC81AD24-68B0-4917-BC7F-8AEAAB59E3B3}.Release|Any CPU.ActiveCfg = Release|Any CPU
		{EC81AD24-68B0-4917-BC7F-8AEAAB59E3B3}.Release|Any CPU.Build.0 = Release|Any CPU
	EndGlobalSection
	GlobalSection(SolutionProperties) = preSolution
		HideSolutionNode = FALSE
	EndGlobalSection
EndGlobal
